
Microsoft Visual Studio Solution File, Format Version 11.00
# Visual Studio 2010
Project("{2150E333-8FDC-42A3-9474-1A3956D46DE8}") = "Domain", "Domain", "{54A8565E-5140-4133-A09D-51D0B2001911}"
EndProject
Project("{FAE04EC0-301F-11D3-BF4B-00C04F79EFBC}") = "Documight.Domain", "Documight.Domain\Documight.Domain.csproj", "{F507C52F-5DED-4C6E-8D1A-4335BE119DDC}"
EndProject
Project("{FAE04EC0-301F-11D3-BF4B-00C04F79EFBC}") = "Documight.Domain.Specs", "Documight.Domain.Specs\Documight.Domain.Specs.csproj", "{56A44203-BD74-4CB4-A293-CDD8473FBBE9}"
EndProject
Project("{2150E333-8FDC-42A3-9474-1A3956D46DE8}") = "Console", "Console", "{BB29646A-8EEA-4611-BC4F-07D692F9C63C}"
EndProject
Project("{FAE04EC0-301F-11D3-BF4B-00C04F79EFBC}") = "Documight.Console", "Documight.Console\Documight.Console.csproj", "{9561041D-5DF2-4D00-B621-4FDEB4A16873}"
EndProject
Project("{FAE04EC0-301F-11D3-BF4B-00C04F79EFBC}") = "Documight.Console.Specs", "Documight.Console.Specs\Documight.Console.Specs.csproj", "{505D8946-5882-49A4-8DB2-BC86B7F2EC10}"
EndProject
Global
	GlobalSection(SolutionConfigurationPlatforms) = preSolution
		Debug|Any CPU = Debug|Any CPU
		Debug|Mixed Platforms = Debug|Mixed Platforms
		Debug|x86 = Debug|x86
		Release|Any CPU = Release|Any CPU
		Release|Mixed Platforms = Release|Mixed Platforms
		Release|x86 = Release|x86
	EndGlobalSection
	GlobalSection(ProjectConfigurationPlatforms) = postSolution
		{F507C52F-5DED-4C6E-8D1A-4335BE119DDC}.Debug|Any CPU.ActiveCfg = Debug|Any CPU
		{F507C52F-5DED-4C6E-8D1A-4335BE119DDC}.Debug|Any CPU.Build.0 = Debug|Any CPU
		{F507C52F-5DED-4C6E-8D1A-4335BE119DDC}.Debug|Mixed Platforms.ActiveCfg = Debug|Any CPU
		{F507C52F-5DED-4C6E-8D1A-4335BE119DDC}.Debug|Mixed Platforms.Build.0 = Debug|Any CPU
		{F507C52F-5DED-4C6E-8D1A-4335BE119DDC}.Debug|x86.ActiveCfg = Debug|Any CPU
		{F507C52F-5DED-4C6E-8D1A-4335BE119DDC}.Release|Any CPU.ActiveCfg = Release|Any CPU
		{F507C52F-5DED-4C6E-8D1A-4335BE119DDC}.Release|Any CPU.Build.0 = Release|Any CPU
		{F507C52F-5DED-4C6E-8D1A-4335BE119DDC}.Release|Mixed Platforms.ActiveCfg = Release|Any CPU
		{F507C52F-5DED-4C6E-8D1A-4335BE119DDC}.Release|Mixed Platforms.Build.0 = Release|Any CPU
		{F507C52F-5DED-4C6E-8D1A-4335BE119DDC}.Release|x86.ActiveCfg = Release|Any CPU
		{56A44203-BD74-4CB4-A293-CDD8473FBBE9}.Debug|Any CPU.ActiveCfg = Debug|Any CPU
		{56A44203-BD74-4CB4-A293-CDD8473FBBE9}.Debug|Any CPU.Build.0 = Debug|Any CPU
		{56A44203-BD74-4CB4-A293-CDD8473FBBE9}.Debug|Mixed Platforms.ActiveCfg = Debug|Any CPU
		{56A44203-BD74-4CB4-A293-CDD8473FBBE9}.Debug|Mixed Platforms.Build.0 = Debug|Any CPU
		{56A44203-BD74-4CB4-A293-CDD8473FBBE9}.Debug|x86.ActiveCfg = Debug|Any CPU
		{56A44203-BD74-4CB4-A293-CDD8473FBBE9}.Release|Any CPU.ActiveCfg = Release|Any CPU
		{56A44203-BD74-4CB4-A293-CDD8473FBBE9}.Release|Any CPU.Build.0 = Release|Any CPU
		{56A44203-BD74-4CB4-A293-CDD8473FBBE9}.Release|Mixed Platforms.ActiveCfg = Release|Any CPU
		{56A44203-BD74-4CB4-A293-CDD8473FBBE9}.Release|Mixed Platforms.Build.0 = Release|Any CPU
		{56A44203-BD74-4CB4-A293-CDD8473FBBE9}.Release|x86.ActiveCfg = Release|Any CPU
		{9561041D-5DF2-4D00-B621-4FDEB4A16873}.Debug|Any CPU.ActiveCfg = Debug|x86
		{9561041D-5DF2-4D00-B621-4FDEB4A16873}.Debug|Mixed Platforms.ActiveCfg = Debug|x86
		{9561041D-5DF2-4D00-B621-4FDEB4A16873}.Debug|Mixed Platforms.Build.0 = Debug|x86
		{9561041D-5DF2-4D00-B621-4FDEB4A16873}.Debug|x86.ActiveCfg = Debug|x86
		{9561041D-5DF2-4D00-B621-4FDEB4A16873}.Debug|x86.Build.0 = Debug|x86
		{9561041D-5DF2-4D00-B621-4FDEB4A16873}.Release|Any CPU.ActiveCfg = Release|x86
		{9561041D-5DF2-4D00-B621-4FDEB4A16873}.Release|Mixed Platforms.ActiveCfg = Release|x86
		{9561041D-5DF2-4D00-B621-4FDEB4A16873}.Release|Mixed Platforms.Build.0 = Release|x86
		{9561041D-5DF2-4D00-B621-4FDEB4A16873}.Release|x86.ActiveCfg = Release|x86
		{9561041D-5DF2-4D00-B621-4FDEB4A16873}.Release|x86.Build.0 = Release|x86
		{505D8946-5882-49A4-8DB2-BC86B7F2EC10}.Debug|Any CPU.ActiveCfg = Debug|Any CPU
		{505D8946-5882-49A4-8DB2-BC86B7F2EC10}.Debug|Any CPU.Build.0 = Debug|Any CPU
		{505D8946-5882-49A4-8DB2-BC86B7F2EC10}.Debug|Mixed Platforms.ActiveCfg = Debug|Any CPU
		{505D8946-5882-49A4-8DB2-BC86B7F2EC10}.Debug|Mixed Platforms.Build.0 = Debug|Any CPU
		{505D8946-5882-49A4-8DB2-BC86B7F2EC10}.Debug|x86.ActiveCfg = Debug|Any CPU
		{505D8946-5882-49A4-8DB2-BC86B7F2EC10}.Release|Any CPU.ActiveCfg = Release|Any CPU
		{505D8946-5882-49A4-8DB2-BC86B7F2EC10}.Release|Any CPU.Build.0 = Release|Any CPU
		{505D8946-5882-49A4-8DB2-BC86B7F2EC10}.Release|Mixed Platforms.ActiveCfg = Release|Any CPU
		{505D8946-5882-49A4-8DB2-BC86B7F2EC10}.Release|Mixed Platforms.Build.0 = Release|Any CPU
		{505D8946-5882-49A4-8DB2-BC86B7F2EC10}.Release|x86.ActiveCfg = Release|Any CPU
	EndGlobalSection
	GlobalSection(SolutionProperties) = preSolution
		HideSolutionNode = FALSE
	EndGlobalSection
	GlobalSection(NestedProjects) = preSolution
		{F507C52F-5DED-4C6E-8D1A-4335BE119DDC} = {54A8565E-5140-4133-A09D-51D0B2001911}
		{56A44203-BD74-4CB4-A293-CDD8473FBBE9} = {54A8565E-5140-4133-A09D-51D0B2001911}
		{9561041D-5DF2-4D00-B621-4FDEB4A16873} = {BB29646A-8EEA-4611-BC4F-07D692F9C63C}
		{505D8946-5882-49A4-8DB2-BC86B7F2EC10} = {BB29646A-8EEA-4611-BC4F-07D692F9C63C}
	EndGlobalSection
EndGlobal
